{
  "name": "koregastro2",
  "version": "1.0.0",
  "lockfileVersion": 3,
  "requires": true,
  "packages": {
    "": {
      "name": "koregastro2",
      "version": "1.0.0",
      "dependencies": {
        "axios": "^1.7.2"
      }
    },
    "node_modules/axios": {
      "version": "1.7.2",
      "resolved": "https://registry.npmjs.org/axios/-/axios-1.7.2.tgz"
    },
    "node_modules/foo": {
      "version": "1.0.0",
      "resolved": "https://registry.npmjs.org/foo/-/foo-1.0.0.tgz"
    },
    "node_modules/bar": {
      "version": "1.0.0",
      "resolved": "https://registry.npmjs.org/bar/-/bar-1.0.0.tgz"
    },
    "node_modules/bar/node_modules/foo": {
      "version": "2.0.0",
      "resolved": "https://registry.npmjs.org/foo/-/foo-2.0.0.tgz"
    }
  }
}
